
Microsoft Visual Studio Solution File, Format Version 12.00
# Visual Studio Version 16
VisualStudioVersion = 16.0.30804.86
MinimumVisualStudioVersion = 15.0.26124.0
Project("{9A19103F-16F7-4668-BE54-9A1E7A4F7556}") = "Bank.Domain", "Bank.Domain\Bank.Domain.csproj", "{C7061C51-D84E-4FAF-9800-9C31377676D6}"
	ProjectSection(ProjectDependencies) = postProject
		{E0F9C6ED-FC8C-449C-BFB1-B57B26C4A683} = {E0F9C6ED-FC8C-449C-BFB1-B57B26C4A683}
	EndProjectSection
EndProject
Project("{9A19103F-16F7-4668-BE54-9A1E7A4F7556}") = "Bank", "Bank\Bank.csproj", "{E0F9C6ED-FC8C-449C-BFB1-B57B26C4A683}"
EndProject
Global
	GlobalSection(SolutionConfigurationPlatforms) = preSolution
		Debug|Any CPU = Debug|Any CPU
		Debug|x64 = Debug|x64
		Debug|x86 = Debug|x86
		Release|Any CPU = Release|Any CPU
		Release|x64 = Release|x64
		Release|x86 = Release|x86
	EndGlobalSection
	GlobalSection(ProjectConfigurationPlatforms) = postSolution
		{C7061C51-D84E-4FAF-9800-9C31377676D6}.Debug|Any CPU.ActiveCfg = Debug|Any CPU
		{C7061C51-D84E-4FAF-9800-9C31377676D6}.Debug|Any CPU.Build.0 = Debug|Any CPU
		{C7061C51-D84E-4FAF-9800-9C31377676D6}.Debug|x64.ActiveCfg = Debug|Any CPU
		{C7061C51-D84E-4FAF-9800-9C31377676D6}.Debug|x64.Build.0 = Debug|Any CPU
		{C7061C51-D84E-4FAF-9800-9C31377676D6}.Debug|x86.ActiveCfg = Debug|Any CPU
		{C7061C51-D84E-4FAF-9800-9C31377676D6}.Debug|x86.Build.0 = Debug|Any CPU
		{C7061C51-D84E-4FAF-9800-9C31377676D6}.Release|Any CPU.ActiveCfg = Release|Any CPU
		{C7061C51-D84E-4FAF-9800-9C31377676D6}.Release|Any CPU.Build.0 = Release|Any CPU
		{C7061C51-D84E-4FAF-9800-9C31377676D6}.Release|x64.ActiveCfg = Release|Any CPU
		{C7061C51-D84E-4FAF-9800-9C31377676D6}.Release|x64.Build.0 = Release|Any CPU
		{C7061C51-D84E-4FAF-9800-9C31377676D6}.Release|x86.ActiveCfg = Release|Any CPU
		{C7061C51-D84E-4FAF-9800-9C31377676D6}.Release|x86.Build.0 = Release|Any CPU
		{E0F9C6ED-FC8C-449C-BFB1-B57B26C4A683}.Debug|Any CPU.ActiveCfg = Debug|Any CPU
		{E0F9C6ED-FC8C-449C-BFB1-B57B26C4A683}.Debug|Any CPU.Build.0 = Debug|Any CPU
		{E0F9C6ED-FC8C-449C-BFB1-B57B26C4A683}.Debug|x64.ActiveCfg = Debug|Any CPU
		{E0F9C6ED-FC8C-449C-BFB1-B57B26C4A683}.Debug|x64.Build.0 = Debug|Any CPU
		{E0F9C6ED-FC8C-449C-BFB1-B57B26C4A683}.Debug|x86.ActiveCfg = Debug|Any CPU
		{E0F9C6ED-FC8C-449C-BFB1-B57B26C4A683}.Debug|x86.Build.0 = Debug|Any CPU
		{E0F9C6ED-FC8C-449C-BFB1-B57B26C4A683}.Release|Any CPU.ActiveCfg = Release|Any CPU
		{E0F9C6ED-FC8C-449C-BFB1-B57B26C4A683}.Release|Any CPU.Build.0 = Release|Any CPU
		{E0F9C6ED-FC8C-449C-BFB1-B57B26C4A683}.Release|x64.ActiveCfg = Release|Any CPU
		{E0F9C6ED-FC8C-449C-BFB1-B57B26C4A683}.Release|x64.Build.0 = Release|Any CPU
		{E0F9C6ED-FC8C-449C-BFB1-B57B26C4A683}.Release|x86.ActiveCfg = Release|Any CPU
		{E0F9C6ED-FC8C-449C-BFB1-B57B26C4A683}.Release|x86.Build.0 = Release|Any CPU
	EndGlobalSection
	GlobalSection(SolutionProperties) = preSolution
		HideSolutionNode = FALSE
	EndGlobalSection
	GlobalSection(ExtensibilityGlobals) = postSolution
		SolutionGuid = {CC3B8E04-9253-4CB8-A950-5A2D1A401716}
	EndGlobalSection
EndGlobal
